
Microsoft Visual Studio Solution File, Format Version 12.00
# Visual Studio Version 17
VisualStudioVersion = 17.6.33829.357
MinimumVisualStudioVersion = 10.0.40219.1
Project("{FAE04EC0-301F-11D3-BF4B-00C04F79EFBC}") = "bnrtool", "bnrtool\bnrtool.csproj", "{7A1C9E5F-71F8-4E9C-9D59-EA66688D7F4B}"
EndProject
Project("{FAE04EC0-301F-11D3-BF4B-00C04F79EFBC}") = "BNRSharp", "extern\GXBaseSharp\BNRSharp\BNRSharp.csproj", "{48589CE2-2597-4C55-91E1-36CC23438A9D}"
EndProject
Project("{FAE04EC0-301F-11D3-BF4B-00C04F79EFBC}") = "SerializableSharp", "extern\SerializableSharp\SerializableSharp\SerializableSharp.csproj", "{5A6A896B-866B-4371-8FA5-E2ABFB2AA514}"
EndProject
Project("{FAE04EC0-301F-11D3-BF4B-00C04F79EFBC}") = "UtilSharp", "extern\UtilSharp\UtilSharp\UtilSharp.csproj", "{4C88ADE5-43D4-491B-9529-A7459F103A6C}"
EndProject
Project("{FAE04EC0-301F-11D3-BF4B-00C04F79EFBC}") = "GXTextureSharp", "extern\GXBaseSharp\GXTextureSharp\GXTextureSharp.csproj", "{3B49B46D-F3BB-4B68-B759-47892A61491E}"
EndProject
Global
	GlobalSection(SolutionConfigurationPlatforms) = preSolution
		Debug|x64 = Debug|x64
		Release|x64 = Release|x64
	EndGlobalSection
	GlobalSection(ProjectConfigurationPlatforms) = postSolution
		{7A1C9E5F-71F8-4E9C-9D59-EA66688D7F4B}.Debug|x64.ActiveCfg = Debug|x64
		{7A1C9E5F-71F8-4E9C-9D59-EA66688D7F4B}.Debug|x64.Build.0 = Debug|x64
		{7A1C9E5F-71F8-4E9C-9D59-EA66688D7F4B}.Release|x64.ActiveCfg = Release|x64
		{7A1C9E5F-71F8-4E9C-9D59-EA66688D7F4B}.Release|x64.Build.0 = Release|x64
		{48589CE2-2597-4C55-91E1-36CC23438A9D}.Debug|x64.ActiveCfg = Debug|x64
		{48589CE2-2597-4C55-91E1-36CC23438A9D}.Debug|x64.Build.0 = Debug|x64
		{48589CE2-2597-4C55-91E1-36CC23438A9D}.Release|x64.ActiveCfg = Release|x64
		{48589CE2-2597-4C55-91E1-36CC23438A9D}.Release|x64.Build.0 = Release|x64
		{5A6A896B-866B-4371-8FA5-E2ABFB2AA514}.Debug|x64.ActiveCfg = Debug|x64
		{5A6A896B-866B-4371-8FA5-E2ABFB2AA514}.Debug|x64.Build.0 = Debug|x64
		{5A6A896B-866B-4371-8FA5-E2ABFB2AA514}.Release|x64.ActiveCfg = Release|x64
		{5A6A896B-866B-4371-8FA5-E2ABFB2AA514}.Release|x64.Build.0 = Release|x64
		{4C88ADE5-43D4-491B-9529-A7459F103A6C}.Debug|x64.ActiveCfg = Debug|x64
		{4C88ADE5-43D4-491B-9529-A7459F103A6C}.Debug|x64.Build.0 = Debug|x64
		{4C88ADE5-43D4-491B-9529-A7459F103A6C}.Release|x64.ActiveCfg = Release|x64
		{4C88ADE5-43D4-491B-9529-A7459F103A6C}.Release|x64.Build.0 = Release|x64
		{3B49B46D-F3BB-4B68-B759-47892A61491E}.Debug|x64.ActiveCfg = Debug|x64
		{3B49B46D-F3BB-4B68-B759-47892A61491E}.Debug|x64.Build.0 = Debug|x64
		{3B49B46D-F3BB-4B68-B759-47892A61491E}.Release|x64.ActiveCfg = Release|x64
		{3B49B46D-F3BB-4B68-B759-47892A61491E}.Release|x64.Build.0 = Release|x64
	EndGlobalSection
	GlobalSection(SolutionProperties) = preSolution
		HideSolutionNode = FALSE
	EndGlobalSection
	GlobalSection(ExtensibilityGlobals) = postSolution
		SolutionGuid = {E76B6B2D-AF96-4BC0-BD21-AF390206A975}
	EndGlobalSection
EndGlobal
